// !$*UTF8*$!
{
	archiveVersion = 1;
	classes = {
	};
	objectVersion = 70;
	objects = {

/* Begin PBXBuildFile section */
		A95E258D2CC7F3DE00163C5C /* PicturePerfectApp.swift in Sources */ = {isa = PBXBuildFile; fileRef = A95E258C2CC7F3DE00163C5C /* PicturePerfectApp.swift */; };
		A95E258F2CC7F3FD00163C5C /* ContentView.swift in Sources */ = {isa = PBXBuildFile; fileRef = A95E258E2CC7F3FD00163C5C /* ContentView.swift */; };
		A95E25912CC7F46400163C5C /* GameContext.swift in Sources */ = {isa = PBXBuildFile; fileRef = A95E25902CC7F46400163C5C /* GameContext.swift */; };
		A95E25932CC7F56D00163C5C /* GameScene.swift in Sources */ = {isa = PBXBuildFile; fileRef = A95E25922CC7F56D00163C5C /* GameScene.swift */; };
		A9BA14972D090C4000F1C5BE /* game-end-incomplete-puzzle.mp3 in Resources */ = {isa = PBXBuildFile; fileRef = A9BA14962D090C4000F1C5BE /* game-end-incomplete-puzzle.mp3 */; };
		A9BA14982D090C4000F1C5BE /* game-end-incomplete-puzzle.mp3 in Resources */ = {isa = PBXBuildFile; fileRef = A9BA14962D090C4000F1C5BE /* game-end-incomplete-puzzle.mp3 */; };
		A9BA14992D090C4000F1C5BE /* game-end-incomplete-puzzle.mp3 in Resources */ = {isa = PBXBuildFile; fileRef = A9BA14962D090C4000F1C5BE /* game-end-incomplete-puzzle.mp3 */; };
		A9EC40EA2D090B4D00DA4AF1 /* drum-roll.mp3 in Resources */ = {isa = PBXBuildFile; fileRef = A9EC40E92D090B4D00DA4AF1 /* drum-roll.mp3 */; };
		D46D0FA32CCB1B6200E8D37C /* PPNeueMontreal-Bold.otf in Resources */ = {isa = PBXBuildFile; fileRef = D46D0F9B2CCB1B6200E8D37C /* PPNeueMontreal-Bold.otf */; };
		D46D0FA42CCB1B6200E8D37C /* PPNeueMontreal-Italic.otf in Resources */ = {isa = PBXBuildFile; fileRef = D46D0F9D2CCB1B6200E8D37C /* PPNeueMontreal-Italic.otf */; };
		D46D0FA52CCB1B6200E8D37C /* PPNeueMontreal-SemiBold.ttf in Resources */ = {isa = PBXBuildFile; fileRef = D46D0F9F2CCB1B6200E8D37C /* PPNeueMontreal-SemiBold.ttf */; };
		D46D0FA62CCB1B6200E8D37C /* PPNeueMontreal-SemiBolditalic.otf in Resources */ = {isa = PBXBuildFile; fileRef = D46D0FA02CCB1B6200E8D37C /* PPNeueMontreal-SemiBolditalic.otf */; };
		D46D0FA72CCB1B6200E8D37C /* PPNeueMontreal-Medium.otf in Resources */ = {isa = PBXBuildFile; fileRef = D46D0F9E2CCB1B6200E8D37C /* PPNeueMontreal-Medium.otf */; };
		D46D0FA82CCB1B6200E8D37C /* PPNeueMontreal-Thin.otf in Resources */ = {isa = PBXBuildFile; fileRef = D46D0FA12CCB1B6200E8D37C /* PPNeueMontreal-Thin.otf */; };
		D46D0FA92CCB1B6200E8D37C /* PPNeueMontreal-Book.otf in Resources */ = {isa = PBXBuildFile; fileRef = D46D0F9C2CCB1B6200E8D37C /* PPNeueMontreal-Book.otf */; };
		D4AC0F9A2CBEF294004FF844 /* Assets.xcassets in Resources */ = {isa = PBXBuildFile; fileRef = D4AC0F992CBEF294004FF844 /* Assets.xcassets */; };
		D4D2E6522CD4721000E713B5 /* GameConstants.swift in Sources */ = {isa = PBXBuildFile; fileRef = D4D2E6512CD4721000E713B5 /* GameConstants.swift */; };
		D4F4F8082CFAC46B00AF05F5 /* game-bg.mp3 in Resources */ = {isa = PBXBuildFile; fileRef = D4F4F8032CFAC46B00AF05F5 /* game-bg.mp3 */; };
		D4F4F8092CFAC46B00AF05F5 /* level_complete.wav in Resources */ = {isa = PBXBuildFile; fileRef = D4F4F8052CFAC46B00AF05F5 /* level_complete.wav */; };
		D4F4F80A2CFAC46B00AF05F5 /* piece_placed.wav in Resources */ = {isa = PBXBuildFile; fileRef = D4F4F8062CFAC46B00AF05F5 /* piece_placed.wav */; };
		D4F4F80D2CFAC56300AF05F5 /* game-over-no-puzzle.wav in Resources */ = {isa = PBXBuildFile; fileRef = D4F4F80C2CFAC56300AF05F5 /* game-over-no-puzzle.wav */; };
		D4F4F97F2D07CF4200AF05F5 /* flash_demo.mp4 in Resources */ = {isa = PBXBuildFile; fileRef = D4F4F97B2D07CF4200AF05F5 /* flash_demo.mp4 */; };
		D4F4F9802D07CF4200AF05F5 /* shuffle_demo.mp4 in Resources */ = {isa = PBXBuildFile; fileRef = D4F4F97E2D07CF4200AF05F5 /* shuffle_demo.mp4 */; };
		D4F4F9822D07CF4200AF05F5 /* place_demo.mp4 in Resources */ = {isa = PBXBuildFile; fileRef = D4F4F97D2D07CF4200AF05F5 /* place_demo.mp4 */; };
		D4F4F9842D07CF9700AF05F5 /* time_stop_demo.mp4 in Resources */ = {isa = PBXBuildFile; fileRef = D4F4F9832D07CF9700AF05F5 /* time_stop_demo.mp4 */; };
/* End PBXBuildFile section */

/* Begin PBXContainerItemProxy section */
		D4AC0FA32CBEF294004FF844 /* PBXContainerItemProxy */ = {
			isa = PBXContainerItemProxy;
			containerPortal = D4AC0F812CBEF292004FF844 /* Project object */;
			proxyType = 1;
			remoteGlobalIDString = D4AC0F882CBEF292004FF844;
			remoteInfo = PixelPainter;
		};
		D4AC0FAD2CBEF294004FF844 /* PBXContainerItemProxy */ = {
			isa = PBXContainerItemProxy;
			containerPortal = D4AC0F812CBEF292004FF844 /* Project object */;
			proxyType = 1;
			remoteGlobalIDString = D4AC0F882CBEF292004FF844;
			remoteInfo = PixelPainter;
		};
/* End PBXContainerItemProxy section */

/* Begin PBXFileReference section */
		A95E258C2CC7F3DE00163C5C /* PicturePerfectApp.swift */ = {isa = PBXFileReference; lastKnownFileType = sourcecode.swift; path = PicturePerfectApp.swift; sourceTree = "<group>"; };
		A95E258E2CC7F3FD00163C5C /* ContentView.swift */ = {isa = PBXFileReference; lastKnownFileType = sourcecode.swift; path = ContentView.swift; sourceTree = "<group>"; };
		A95E25902CC7F46400163C5C /* GameContext.swift */ = {isa = PBXFileReference; lastKnownFileType = sourcecode.swift; path = GameContext.swift; sourceTree = "<group>"; };
		A95E25922CC7F56D00163C5C /* GameScene.swift */ = {isa = PBXFileReference; lastKnownFileType = sourcecode.swift; path = GameScene.swift; sourceTree = "<group>"; };
		A9BA14962D090C4000F1C5BE /* game-end-incomplete-puzzle.mp3 */ = {isa = PBXFileReference; lastKnownFileType = audio.mp3; path = "game-end-incomplete-puzzle.mp3"; sourceTree = "<group>"; };
		A9EC40E92D090B4D00DA4AF1 /* drum-roll.mp3 */ = {isa = PBXFileReference; lastKnownFileType = audio.mp3; path = "drum-roll.mp3"; sourceTree = "<group>"; };
		D46D0F9B2CCB1B6200E8D37C /* PPNeueMontreal-Bold.otf */ = {isa = PBXFileReference; lastKnownFileType = file; path = "PPNeueMontreal-Bold.otf"; sourceTree = "<group>"; };
		D46D0F9C2CCB1B6200E8D37C /* PPNeueMontreal-Book.otf */ = {isa = PBXFileReference; lastKnownFileType = file; path = "PPNeueMontreal-Book.otf"; sourceTree = "<group>"; };
		D46D0F9D2CCB1B6200E8D37C /* PPNeueMontreal-Italic.otf */ = {isa = PBXFileReference; lastKnownFileType = file; path = "PPNeueMontreal-Italic.otf"; sourceTree = "<group>"; };
		D46D0F9E2CCB1B6200E8D37C /* PPNeueMontreal-Medium.otf */ = {isa = PBXFileReference; lastKnownFileType = file; path = "PPNeueMontreal-Medium.otf"; sourceTree = "<group>"; };
		D46D0F9F2CCB1B6200E8D37C /* PPNeueMontreal-SemiBold.ttf */ = {isa = PBXFileReference; lastKnownFileType = file; path = "PPNeueMontreal-SemiBold.ttf"; sourceTree = "<group>"; };
		D46D0FA02CCB1B6200E8D37C /* PPNeueMontreal-SemiBolditalic.otf */ = {isa = PBXFileReference; lastKnownFileType = file; path = "PPNeueMontreal-SemiBolditalic.otf"; sourceTree = "<group>"; };
		D46D0FA12CCB1B6200E8D37C /* PPNeueMontreal-Thin.otf */ = {isa = PBXFileReference; lastKnownFileType = file; path = "PPNeueMontreal-Thin.otf"; sourceTree = "<group>"; };
		D4AC0F892CBEF292004FF844 /* PixelPainter.app */ = {isa = PBXFileReference; explicitFileType = wrapper.application; includeInIndex = 0; path = PixelPainter.app; sourceTree = BUILT_PRODUCTS_DIR; };
		D4AC0F992CBEF294004FF844 /* Assets.xcassets */ = {isa = PBXFileReference; lastKnownFileType = folder.assetcatalog; path = Assets.xcassets; sourceTree = "<group>"; };
		D4AC0FA22CBEF294004FF844 /* PixelPainterTests.xctest */ = {isa = PBXFileReference; explicitFileType = wrapper.cfbundle; includeInIndex = 0; path = PixelPainterTests.xctest; sourceTree = BUILT_PRODUCTS_DIR; };
		D4AC0FAC2CBEF294004FF844 /* PixelPainterUITests.xctest */ = {isa = PBXFileReference; explicitFileType = wrapper.cfbundle; includeInIndex = 0; path = PixelPainterUITests.xctest; sourceTree = BUILT_PRODUCTS_DIR; };
		D4D2E6512CD4721000E713B5 /* GameConstants.swift */ = {isa = PBXFileReference; lastKnownFileType = sourcecode.swift; path = GameConstants.swift; sourceTree = "<group>"; };
		D4F4F8032CFAC46B00AF05F5 /* game-bg.mp3 */ = {isa = PBXFileReference; lastKnownFileType = audio.mp3; path = "game-bg.mp3"; sourceTree = "<group>"; };
		D4F4F8052CFAC46B00AF05F5 /* level_complete.wav */ = {isa = PBXFileReference; lastKnownFileType = audio.wav; path = level_complete.wav; sourceTree = "<group>"; };
		D4F4F8062CFAC46B00AF05F5 /* piece_placed.wav */ = {isa = PBXFileReference; lastKnownFileType = audio.wav; path = piece_placed.wav; sourceTree = "<group>"; };
		D4F4F80C2CFAC56300AF05F5 /* game-over-no-puzzle.wav */ = {isa = PBXFileReference; lastKnownFileType = audio.wav; path = "game-over-no-puzzle.wav"; sourceTree = "<group>"; };
		D4F4F97B2D07CF4200AF05F5 /* flash_demo.mp4 */ = {isa = PBXFileReference; lastKnownFileType = file; path = flash_demo.mp4; sourceTree = "<group>"; };
		D4F4F97D2D07CF4200AF05F5 /* place_demo.mp4 */ = {isa = PBXFileReference; lastKnownFileType = file; path = place_demo.mp4; sourceTree = "<group>"; };
		D4F4F97E2D07CF4200AF05F5 /* shuffle_demo.mp4 */ = {isa = PBXFileReference; lastKnownFileType = file; path = shuffle_demo.mp4; sourceTree = "<group>"; };
		D4F4F9832D07CF9700AF05F5 /* time_stop_demo.mp4 */ = {isa = PBXFileReference; lastKnownFileType = file; path = time_stop_demo.mp4; sourceTree = "<group>"; };
/* End PBXFileReference section */

/* Begin PBXFileSystemSynchronizedRootGroup section */
		A95E25942CC7F6D600163C5C /* States */ = {isa = PBXFileSystemSynchronizedRootGroup; explicitFileTypes = {}; explicitFolders = (); path = States; sourceTree = "<group>"; };
		A95E259B2CC7F91200163C5C /* Helpers */ = {isa = PBXFileSystemSynchronizedRootGroup; explicitFileTypes = {}; explicitFolders = (); path = Helpers; sourceTree = "<group>"; };
		A95E25A22CC7FA3D00163C5C /* Nodes */ = {isa = PBXFileSystemSynchronizedRootGroup; explicitFileTypes = {}; explicitFolders = (); path = Nodes; sourceTree = "<group>"; };
/* End PBXFileSystemSynchronizedRootGroup section */

/* Begin PBXFrameworksBuildPhase section */
		D4AC0F862CBEF292004FF844 /* Frameworks */ = {
			isa = PBXFrameworksBuildPhase;
			buildActionMask = 2147483647;
			files = (
			);
			runOnlyForDeploymentPostprocessing = 0;
		};
		D4AC0F9F2CBEF294004FF844 /* Frameworks */ = {
			isa = PBXFrameworksBuildPhase;
			buildActionMask = 2147483647;
			files = (
			);
			runOnlyForDeploymentPostprocessing = 0;
		};
		D4AC0FA92CBEF294004FF844 /* Frameworks */ = {
			isa = PBXFrameworksBuildPhase;
			buildActionMask = 2147483647;
			files = (
			);
			runOnlyForDeploymentPostprocessing = 0;
		};
/* End PBXFrameworksBuildPhase section */

/* Begin PBXGroup section */
		D46D0FA22CCB1B6200E8D37C /* fonts */ = {
			isa = PBXGroup;
			children = (
				D46D0F9B2CCB1B6200E8D37C /* PPNeueMontreal-Bold.otf */,
				D46D0F9C2CCB1B6200E8D37C /* PPNeueMontreal-Book.otf */,
				D46D0F9D2CCB1B6200E8D37C /* PPNeueMontreal-Italic.otf */,
				D46D0F9E2CCB1B6200E8D37C /* PPNeueMontreal-Medium.otf */,
				D46D0F9F2CCB1B6200E8D37C /* PPNeueMontreal-SemiBold.ttf */,
				D46D0FA02CCB1B6200E8D37C /* PPNeueMontreal-SemiBolditalic.otf */,
				D46D0FA12CCB1B6200E8D37C /* PPNeueMontreal-Thin.otf */,
			);
			path = fonts;
			sourceTree = "<group>";
		};
		D4AC0F802CBEF292004FF844 = {
			isa = PBXGroup;
			children = (
				D4AC0F8B2CBEF292004FF844 /* PixelPainter */,
				D4AC0F8A2CBEF292004FF844 /* Products */,
			);
			sourceTree = "<group>";
		};
		D4AC0F8A2CBEF292004FF844 /* Products */ = {
			isa = PBXGroup;
			children = (
				D4AC0F892CBEF292004FF844 /* PixelPainter.app */,
				D4AC0FA22CBEF294004FF844 /* PixelPainterTests.xctest */,
				D4AC0FAC2CBEF294004FF844 /* PixelPainterUITests.xctest */,
			);
			name = Products;
			sourceTree = "<group>";
		};
		D4AC0F8B2CBEF292004FF844 /* PixelPainter */ = {
			isa = PBXGroup;
			children = (
				D4F4F88C2CFBDC3300AF05F5 /* tutorial_videos */,
				D4D2E6D02CDC0FA400E713B5 /* sounds */,
				D46D0FA22CCB1B6200E8D37C /* fonts */,
				A95E259B2CC7F91200163C5C /* Helpers */,
				A95E25A22CC7FA3D00163C5C /* Nodes */,
				A95E25942CC7F6D600163C5C /* States */,
				D4AC0F992CBEF294004FF844 /* Assets.xcassets */,
				A95E258C2CC7F3DE00163C5C /* PicturePerfectApp.swift */,
				A95E258E2CC7F3FD00163C5C /* ContentView.swift */,
				A95E25902CC7F46400163C5C /* GameContext.swift */,
				A95E25922CC7F56D00163C5C /* GameScene.swift */,
				D4D2E6512CD4721000E713B5 /* GameConstants.swift */,
			);
			path = PixelPainter;
			sourceTree = "<group>";
		};
		D4D2E6D02CDC0FA400E713B5 /* sounds */ = {
			isa = PBXGroup;
			children = (
				D4F4F80C2CFAC56300AF05F5 /* game-over-no-puzzle.wav */,
				D4F4F8032CFAC46B00AF05F5 /* game-bg.mp3 */,
				A9BA14962D090C4000F1C5BE /* game-end-incomplete-puzzle.mp3 */,
				A9EC40E92D090B4D00DA4AF1 /* drum-roll.mp3 */,
				D4F4F8052CFAC46B00AF05F5 /* level_complete.wav */,
				D4F4F8062CFAC46B00AF05F5 /* piece_placed.wav */,
			);
			path = sounds;
			sourceTree = "<group>";
		};
		D4F4F88C2CFBDC3300AF05F5 /* tutorial_videos */ = {
			isa = PBXGroup;
			children = (
				D4F4F9832D07CF9700AF05F5 /* time_stop_demo.mp4 */,
				D4F4F97B2D07CF4200AF05F5 /* flash_demo.mp4 */,
				D4F4F97D2D07CF4200AF05F5 /* place_demo.mp4 */,
				D4F4F97E2D07CF4200AF05F5 /* shuffle_demo.mp4 */,
			);
			path = tutorial_videos;
			sourceTree = "<group>";
		};
/* End PBXGroup section */

/* Begin PBXNativeTarget section */
		D4AC0F882CBEF292004FF844 /* PixelPainter */ = {
			isa = PBXNativeTarget;
			buildConfigurationList = D4AC0FB62CBEF294004FF844 /* Build configuration list for PBXNativeTarget "PixelPainter" */;
			buildPhases = (
				D4AC0F852CBEF292004FF844 /* Sources */,
				D4AC0F862CBEF292004FF844 /* Frameworks */,
				D4AC0F872CBEF292004FF844 /* Resources */,
			);
			buildRules = (
			);
			dependencies = (
			);
			fileSystemSynchronizedGroups = (
				A95E25942CC7F6D600163C5C /* States */,
				A95E259B2CC7F91200163C5C /* Helpers */,
				A95E25A22CC7FA3D00163C5C /* Nodes */,
			);
			name = PixelPainter;
			productName = PixelPainter;
			productReference = D4AC0F892CBEF292004FF844 /* PixelPainter.app */;
			productType = "com.apple.product-type.application";
		};
		D4AC0FA12CBEF294004FF844 /* PixelPainterTests */ = {
			isa = PBXNativeTarget;
			buildConfigurationList = D4AC0FB92CBEF294004FF844 /* Build configuration list for PBXNativeTarget "PixelPainterTests" */;
			buildPhases = (
				D4AC0F9E2CBEF294004FF844 /* Sources */,
				D4AC0F9F2CBEF294004FF844 /* Frameworks */,
				D4AC0FA02CBEF294004FF844 /* Resources */,
			);
			buildRules = (
			);
			dependencies = (
				D4AC0FA42CBEF294004FF844 /* PBXTargetDependency */,
			);
			name = PixelPainterTests;
			productName = PixelPainterTests;
			productReference = D4AC0FA22CBEF294004FF844 /* PixelPainterTests.xctest */;
			productType = "com.apple.product-type.bundle.unit-test";
		};
		D4AC0FAB2CBEF294004FF844 /* PixelPainterUITests */ = {
			isa = PBXNativeTarget;
			buildConfigurationList = D4AC0FBC2CBEF294004FF844 /* Build configuration list for PBXNativeTarget "PixelPainterUITests" */;
			buildPhases = (
				D4AC0FA82CBEF294004FF844 /* Sources */,
				D4AC0FA92CBEF294004FF844 /* Frameworks */,
				D4AC0FAA2CBEF294004FF844 /* Resources */,
			);
			buildRules = (
			);
			dependencies = (
				D4AC0FAE2CBEF294004FF844 /* PBXTargetDependency */,
			);
			name = PixelPainterUITests;
			productName = PixelPainterUITests;
			productReference = D4AC0FAC2CBEF294004FF844 /* PixelPainterUITests.xctest */;
			productType = "com.apple.product-type.bundle.ui-testing";
		};
/* End PBXNativeTarget section */

/* Begin PBXProject section */
		D4AC0F812CBEF292004FF844 /* Project object */ = {
			isa = PBXProject;
			attributes = {
				BuildIndependentTargetsInParallel = 1;
				LastSwiftUpdateCheck = 1520;
				LastUpgradeCheck = 1520;
				TargetAttributes = {
					D4AC0F882CBEF292004FF844 = {
						CreatedOnToolsVersion = 15.2;
					};
					D4AC0FA12CBEF294004FF844 = {
						CreatedOnToolsVersion = 15.2;
						TestTargetID = D4AC0F882CBEF292004FF844;
					};
					D4AC0FAB2CBEF294004FF844 = {
						CreatedOnToolsVersion = 15.2;
						TestTargetID = D4AC0F882CBEF292004FF844;
					};
				};
			};
			buildConfigurationList = D4AC0F842CBEF292004FF844 /* Build configuration list for PBXProject "PixelPainter" */;
			compatibilityVersion = "Xcode 14.0";
			developmentRegion = en;
			hasScannedForEncodings = 0;
			knownRegions = (
				en,
				Base,
			);
			mainGroup = D4AC0F802CBEF292004FF844;
			productRefGroup = D4AC0F8A2CBEF292004FF844 /* Products */;
			projectDirPath = "";
			projectRoot = "";
			targets = (
				D4AC0F882CBEF292004FF844 /* PixelPainter */,
				D4AC0FA12CBEF294004FF844 /* PixelPainterTests */,
				D4AC0FAB2CBEF294004FF844 /* PixelPainterUITests */,
			);
		};
/* End PBXProject section */

/* Begin PBXResourcesBuildPhase section */
		D4AC0F872CBEF292004FF844 /* Resources */ = {
			isa = PBXResourcesBuildPhase;
			buildActionMask = 2147483647;
			files = (
				D4AC0F9A2CBEF294004FF844 /* Assets.xcassets in Resources */,
				D4F4F9842D07CF9700AF05F5 /* time_stop_demo.mp4 in Resources */,
				D4F4F80D2CFAC56300AF05F5 /* game-over-no-puzzle.wav in Resources */,
				D46D0FA32CCB1B6200E8D37C /* PPNeueMontreal-Bold.otf in Resources */,
				A9BA14972D090C4000F1C5BE /* game-end-incomplete-puzzle.mp3 in Resources */,
				D46D0FA42CCB1B6200E8D37C /* PPNeueMontreal-Italic.otf in Resources */,
				D46D0FA52CCB1B6200E8D37C /* PPNeueMontreal-SemiBold.ttf in Resources */,
				D4F4F97F2D07CF4200AF05F5 /* flash_demo.mp4 in Resources */,
				D4F4F9802D07CF4200AF05F5 /* shuffle_demo.mp4 in Resources */,
				D4F4F9822D07CF4200AF05F5 /* place_demo.mp4 in Resources */,
				D4F4F8082CFAC46B00AF05F5 /* game-bg.mp3 in Resources */,
				D4F4F8092CFAC46B00AF05F5 /* level_complete.wav in Resources */,
				D4F4F80A2CFAC46B00AF05F5 /* piece_placed.wav in Resources */,
				D46D0FA62CCB1B6200E8D37C /* PPNeueMontreal-SemiBolditalic.otf in Resources */,
				A9EC40EA2D090B4D00DA4AF1 /* drum-roll.mp3 in Resources */,
				D46D0FA72CCB1B6200E8D37C /* PPNeueMontreal-Medium.otf in Resources */,
				D46D0FA82CCB1B6200E8D37C /* PPNeueMontreal-Thin.otf in Resources */,
				D46D0FA92CCB1B6200E8D37C /* PPNeueMontreal-Book.otf in Resources */,
			);
			runOnlyForDeploymentPostprocessing = 0;
		};
		D4AC0FA02CBEF294004FF844 /* Resources */ = {
			isa = PBXResourcesBuildPhase;
			buildActionMask = 2147483647;
			files = (
				A9BA14992D090C4000F1C5BE /* game-end-incomplete-puzzle.mp3 in Resources */,
			);
			runOnlyForDeploymentPostprocessing = 0;
		};
		D4AC0FAA2CBEF294004FF844 /* Resources */ = {
			isa = PBXResourcesBuildPhase;
			buildActionMask = 2147483647;
			files = (
				A9BA14982D090C4000F1C5BE /* game-end-incomplete-puzzle.mp3 in Resources */,
			);
			runOnlyForDeploymentPostprocessing = 0;
		};
/* End PBXResourcesBuildPhase section */

/* Begin PBXSourcesBuildPhase section */
		D4AC0F852CBEF292004FF844 /* Sources */ = {
			isa = PBXSourcesBuildPhase;
			buildActionMask = 2147483647;
			files = (
				D4D2E6522CD4721000E713B5 /* GameConstants.swift in Sources */,
				A95E25912CC7F46400163C5C /* GameContext.swift in Sources */,
				A95E25932CC7F56D00163C5C /* GameScene.swift in Sources */,
				A95E258F2CC7F3FD00163C5C /* ContentView.swift in Sources */,
				A95E258D2CC7F3DE00163C5C /* PicturePerfectApp.swift in Sources */,
			);
			runOnlyForDeploymentPostprocessing = 0;
		};
		D4AC0F9E2CBEF294004FF844 /* Sources */ = {
			isa = PBXSourcesBuildPhase;
			buildActionMask = 2147483647;
			files = (
			);
			runOnlyForDeploymentPostprocessing = 0;
		};
		D4AC0FA82CBEF294004FF844 /* Sources */ = {
			isa = PBXSourcesBuildPhase;
			buildActionMask = 2147483647;
			files = (
			);
			runOnlyForDeploymentPostprocessing = 0;
		};
/* End PBXSourcesBuildPhase section */

/* Begin PBXTargetDependency section */
		D4AC0FA42CBEF294004FF844 /* PBXTargetDependency */ = {
			isa = PBXTargetDependency;
			target = D4AC0F882CBEF292004FF844 /* PixelPainter */;
			targetProxy = D4AC0FA32CBEF294004FF844 /* PBXContainerItemProxy */;
		};
		D4AC0FAE2CBEF294004FF844 /* PBXTargetDependency */ = {
			isa = PBXTargetDependency;
			target = D4AC0F882CBEF292004FF844 /* PixelPainter */;
			targetProxy = D4AC0FAD2CBEF294004FF844 /* PBXContainerItemProxy */;
		};
/* End PBXTargetDependency section */

/* Begin XCBuildConfiguration section */
		D4AC0FB42CBEF294004FF844 /* Debug */ = {
			isa = XCBuildConfiguration;
			buildSettings = {
				ALWAYS_SEARCH_USER_PATHS = NO;
				ASSETCATALOG_COMPILER_GENERATE_SWIFT_ASSET_SYMBOL_EXTENSIONS = YES;
				CLANG_ANALYZER_NONNULL = YES;
				CLANG_ANALYZER_NUMBER_OBJECT_CONVERSION = YES_AGGRESSIVE;
				CLANG_CXX_LANGUAGE_STANDARD = "gnu++20";
				CLANG_ENABLE_MODULES = YES;
				CLANG_ENABLE_OBJC_ARC = YES;
				CLANG_ENABLE_OBJC_WEAK = YES;
				CLANG_WARN_BLOCK_CAPTURE_AUTORELEASING = YES;
				CLANG_WARN_BOOL_CONVERSION = YES;
				CLANG_WARN_COMMA = YES;
				CLANG_WARN_CONSTANT_CONVERSION = YES;
				CLANG_WARN_DEPRECATED_OBJC_IMPLEMENTATIONS = YES;
				CLANG_WARN_DIRECT_OBJC_ISA_USAGE = YES_ERROR;
				CLANG_WARN_DOCUMENTATION_COMMENTS = YES;
				CLANG_WARN_EMPTY_BODY = YES;
				CLANG_WARN_ENUM_CONVERSION = YES;
				CLANG_WARN_INFINITE_RECURSION = YES;
				CLANG_WARN_INT_CONVERSION = YES;
				CLANG_WARN_NON_LITERAL_NULL_CONVERSION = YES;
				CLANG_WARN_OBJC_IMPLICIT_RETAIN_SELF = YES;
				CLANG_WARN_OBJC_LITERAL_CONVERSION = YES;
				CLANG_WARN_OBJC_ROOT_CLASS = YES_ERROR;
				CLANG_WARN_QUOTED_INCLUDE_IN_FRAMEWORK_HEADER = YES;
				CLANG_WARN_RANGE_LOOP_ANALYSIS = YES;
				CLANG_WARN_STRICT_PROTOTYPES = YES;
				CLANG_WARN_SUSPICIOUS_MOVE = YES;
				CLANG_WARN_UNGUARDED_AVAILABILITY = YES_AGGRESSIVE;
				CLANG_WARN_UNREACHABLE_CODE = YES;
				CLANG_WARN__DUPLICATE_METHOD_MATCH = YES;
				COPY_PHASE_STRIP = NO;
				DEBUG_INFORMATION_FORMAT = dwarf;
				ENABLE_STRICT_OBJC_MSGSEND = YES;
				ENABLE_TESTABILITY = YES;
				ENABLE_USER_SCRIPT_SANDBOXING = YES;
				GCC_C_LANGUAGE_STANDARD = gnu17;
				GCC_DYNAMIC_NO_PIC = NO;
				GCC_NO_COMMON_BLOCKS = YES;
				GCC_OPTIMIZATION_LEVEL = 0;
				GCC_PREPROCESSOR_DEFINITIONS = (
					"DEBUG=1",
					"$(inherited)",
				);
				GCC_WARN_64_TO_32_BIT_CONVERSION = YES;
				GCC_WARN_ABOUT_RETURN_TYPE = YES_ERROR;
				GCC_WARN_UNDECLARED_SELECTOR = YES;
				GCC_WARN_UNINITIALIZED_AUTOS = YES_AGGRESSIVE;
				GCC_WARN_UNUSED_FUNCTION = YES;
				GCC_WARN_UNUSED_VARIABLE = YES;
				GENERATE_INFOPLIST_FILE = YES;
				IPHONEOS_DEPLOYMENT_TARGET = 17.2;
				LOCALIZATION_PREFERS_STRING_CATALOGS = YES;
				MTL_ENABLE_DEBUG_INFO = INCLUDE_SOURCE;
				MTL_FAST_MATH = YES;
				ONLY_ACTIVE_ARCH = YES;
				SDKROOT = iphoneos;
				SWIFT_ACTIVE_COMPILATION_CONDITIONS = "DEBUG $(inherited)";
				SWIFT_OPTIMIZATION_LEVEL = "-Onone";
			};
			name = Debug;
		};
		D4AC0FB52CBEF294004FF844 /* Release */ = {
			isa = XCBuildConfiguration;
			buildSettings = {
				ALWAYS_SEARCH_USER_PATHS = NO;
				ASSETCATALOG_COMPILER_GENERATE_SWIFT_ASSET_SYMBOL_EXTENSIONS = YES;
				CLANG_ANALYZER_NONNULL = YES;
				CLANG_ANALYZER_NUMBER_OBJECT_CONVERSION = YES_AGGRESSIVE;
				CLANG_CXX_LANGUAGE_STANDARD = "gnu++20";
				CLANG_ENABLE_MODULES = YES;
				CLANG_ENABLE_OBJC_ARC = YES;
				CLANG_ENABLE_OBJC_WEAK = YES;
				CLANG_WARN_BLOCK_CAPTURE_AUTORELEASING = YES;
				CLANG_WARN_BOOL_CONVERSION = YES;
				CLANG_WARN_COMMA = YES;
				CLANG_WARN_CONSTANT_CONVERSION = YES;
				CLANG_WARN_DEPRECATED_OBJC_IMPLEMENTATIONS = YES;
				CLANG_WARN_DIRECT_OBJC_ISA_USAGE = YES_ERROR;
				CLANG_WARN_DOCUMENTATION_COMMENTS = YES;
				CLANG_WARN_EMPTY_BODY = YES;
				CLANG_WARN_ENUM_CONVERSION = YES;
				CLANG_WARN_INFINITE_RECURSION = YES;
				CLANG_WARN_INT_CONVERSION = YES;
				CLANG_WARN_NON_LITERAL_NULL_CONVERSION = YES;
				CLANG_WARN_OBJC_IMPLICIT_RETAIN_SELF = YES;
				CLANG_WARN_OBJC_LITERAL_CONVERSION = YES;
				CLANG_WARN_OBJC_ROOT_CLASS = YES_ERROR;
				CLANG_WARN_QUOTED_INCLUDE_IN_FRAMEWORK_HEADER = YES;
				CLANG_WARN_RANGE_LOOP_ANALYSIS = YES;
				CLANG_WARN_STRICT_PROTOTYPES = YES;
				CLANG_WARN_SUSPICIOUS_MOVE = YES;
				CLANG_WARN_UNGUARDED_AVAILABILITY = YES_AGGRESSIVE;
				CLANG_WARN_UNREACHABLE_CODE = YES;
				CLANG_WARN__DUPLICATE_METHOD_MATCH = YES;
				COPY_PHASE_STRIP = NO;
				DEBUG_INFORMATION_FORMAT = "dwarf-with-dsym";
				ENABLE_NS_ASSERTIONS = NO;
				ENABLE_STRICT_OBJC_MSGSEND = YES;
				ENABLE_USER_SCRIPT_SANDBOXING = YES;
				GCC_C_LANGUAGE_STANDARD = gnu17;
				GCC_NO_COMMON_BLOCKS = YES;
				GCC_WARN_64_TO_32_BIT_CONVERSION = YES;
				GCC_WARN_ABOUT_RETURN_TYPE = YES_ERROR;
				GCC_WARN_UNDECLARED_SELECTOR = YES;
				GCC_WARN_UNINITIALIZED_AUTOS = YES_AGGRESSIVE;
				GCC_WARN_UNUSED_FUNCTION = YES;
				GCC_WARN_UNUSED_VARIABLE = YES;
				GENERATE_INFOPLIST_FILE = YES;
				IPHONEOS_DEPLOYMENT_TARGET = 17.2;
				LOCALIZATION_PREFERS_STRING_CATALOGS = YES;
				MTL_ENABLE_DEBUG_INFO = NO;
				MTL_FAST_MATH = YES;
				SDKROOT = iphoneos;
				SWIFT_COMPILATION_MODE = wholemodule;
				VALIDATE_PRODUCT = YES;
			};
			name = Release;
		};
		D4AC0FB72CBEF294004FF844 /* Debug */ = {
			isa = XCBuildConfiguration;
			buildSettings = {
				ASSETCATALOG_COMPILER_APPICON_NAME = AppIcon;
				ASSETCATALOG_COMPILER_GLOBAL_ACCENT_COLOR_NAME = AccentColor;
				CODE_SIGN_STYLE = Automatic;
				CURRENT_PROJECT_VERSION = 1;
				DEVELOPMENT_TEAM = 9FBN78Z68A;
				GENERATE_INFOPLIST_FILE = YES;
				INFOPLIST_FILE = PixelPainter/Info.plist;
				INFOPLIST_KEY_UIApplicationSupportsIndirectInputEvents = YES;
				INFOPLIST_KEY_UILaunchStoryboardName = "";
				INFOPLIST_KEY_UIMainStoryboardFile = "";
				INFOPLIST_KEY_UIStatusBarHidden = YES;
				INFOPLIST_KEY_UISupportedInterfaceOrientations = "UIInterfaceOrientationPortrait UIInterfaceOrientationPortraitUpsideDown";
				LD_RUNPATH_SEARCH_PATHS = (
					"$(inherited)",
					"@executable_path/Frameworks",
				);
				MARKETING_VERSION = 1.0;
				PRODUCT_BUNDLE_IDENTIFIER = philip.PixelPainter;
				PRODUCT_NAME = "$(TARGET_NAME)";
				SWIFT_EMIT_LOC_STRINGS = YES;
				SWIFT_VERSION = 5.0;
				TARGETED_DEVICE_FAMILY = "1,2";
			};
			name = Debug;
		};
		D4AC0FB82CBEF294004FF844 /* Release */ = {
			isa = XCBuildConfiguration;
			buildSettings = {
				ASSETCATALOG_COMPILER_APPICON_NAME = AppIcon;
				ASSETCATALOG_COMPILER_GLOBAL_ACCENT_COLOR_NAME = AccentColor;
				CODE_SIGN_STYLE = Automatic;
				CURRENT_PROJECT_VERSION = 1;
				DEVELOPMENT_TEAM = 9FBN78Z68A;
				GENERATE_INFOPLIST_FILE = YES;
				INFOPLIST_FILE = PixelPainter/Info.plist;
				INFOPLIST_KEY_UIApplicationSupportsIndirectInputEvents = YES;
				INFOPLIST_KEY_UILaunchStoryboardName = "";
				INFOPLIST_KEY_UIMainStoryboardFile = "";
				INFOPLIST_KEY_UIStatusBarHidden = YES;
				INFOPLIST_KEY_UISupportedInterfaceOrientations = "UIInterfaceOrientationPortrait UIInterfaceOrientationPortraitUpsideDown";
				LD_RUNPATH_SEARCH_PATHS = (
					"$(inherited)",
					"@executable_path/Frameworks",
				);
				MARKETING_VERSION = 1.0;
				PRODUCT_BUNDLE_IDENTIFIER = philip.PixelPainter;
				PRODUCT_NAME = "$(TARGET_NAME)";
				SWIFT_EMIT_LOC_STRINGS = YES;
				SWIFT_VERSION = 5.0;
				TARGETED_DEVICE_FAMILY = "1,2";
			};
			name = Release;
		};
		D4AC0FBA2CBEF294004FF844 /* Debug */ = {
			isa = XCBuildConfiguration;
			buildSettings = {
				BUNDLE_LOADER = "$(TEST_HOST)";
				CODE_SIGN_STYLE = Automatic;
				CURRENT_PROJECT_VERSION = 1;
				GENERATE_INFOPLIST_FILE = YES;
				IPHONEOS_DEPLOYMENT_TARGET = 17.2;
				MARKETING_VERSION = 1.0;
				PRODUCT_BUNDLE_IDENTIFIER = philip.PixelPainterTests;
				PRODUCT_NAME = "$(TARGET_NAME)";
				SWIFT_EMIT_LOC_STRINGS = NO;
				SWIFT_VERSION = 5.0;
				TARGETED_DEVICE_FAMILY = "1,2";
				TEST_HOST = "$(BUILT_PRODUCTS_DIR)/PixelPainter.app/$(BUNDLE_EXECUTABLE_FOLDER_PATH)/PixelPainter";
			};
			name = Debug;
		};
		D4AC0FBB2CBEF294004FF844 /* Release */ = {
			isa = XCBuildConfiguration;
			buildSettings = {
				BUNDLE_LOADER = "$(TEST_HOST)";
				CODE_SIGN_STYLE = Automatic;
				CURRENT_PROJECT_VERSION = 1;
				GENERATE_INFOPLIST_FILE = YES;
				IPHONEOS_DEPLOYMENT_TARGET = 17.2;
				MARKETING_VERSION = 1.0;
				PRODUCT_BUNDLE_IDENTIFIER = philip.PixelPainterTests;
				PRODUCT_NAME = "$(TARGET_NAME)";
				SWIFT_EMIT_LOC_STRINGS = NO;
				SWIFT_VERSION = 5.0;
				TARGETED_DEVICE_FAMILY = "1,2";
				TEST_HOST = "$(BUILT_PRODUCTS_DIR)/PixelPainter.app/$(BUNDLE_EXECUTABLE_FOLDER_PATH)/PixelPainter";
			};
			name = Release;
		};
		D4AC0FBD2CBEF294004FF844 /* Debug */ = {
			isa = XCBuildConfiguration;
			buildSettings = {
				CODE_SIGN_STYLE = Automatic;
				CURRENT_PROJECT_VERSION = 1;
				GENERATE_INFOPLIST_FILE = YES;
				MARKETING_VERSION = 1.0;
				PRODUCT_BUNDLE_IDENTIFIER = philip.PixelPainterUITests;
				PRODUCT_NAME = "$(TARGET_NAME)";
				SWIFT_EMIT_LOC_STRINGS = NO;
				SWIFT_VERSION = 5.0;
				TARGETED_DEVICE_FAMILY = "1,2";
				TEST_TARGET_NAME = PixelPainter;
			};
			name = Debug;
		};
		D4AC0FBE2CBEF294004FF844 /* Release */ = {
			isa = XCBuildConfiguration;
			buildSettings = {
				CODE_SIGN_STYLE = Automatic;
				CURRENT_PROJECT_VERSION = 1;
				GENERATE_INFOPLIST_FILE = YES;
				MARKETING_VERSION = 1.0;
				PRODUCT_BUNDLE_IDENTIFIER = philip.PixelPainterUITests;
				PRODUCT_NAME = "$(TARGET_NAME)";
				SWIFT_EMIT_LOC_STRINGS = NO;
				SWIFT_VERSION = 5.0;
				TARGETED_DEVICE_FAMILY = "1,2";
				TEST_TARGET_NAME = PixelPainter;
			};
			name = Release;
		};
/* End XCBuildConfiguration section */

/* Begin XCConfigurationList section */
		D4AC0F842CBEF292004FF844 /* Build configuration list for PBXProject "PixelPainter" */ = {
			isa = XCConfigurationList;
			buildConfigurations = (
				D4AC0FB42CBEF294004FF844 /* Debug */,
				D4AC0FB52CBEF294004FF844 /* Release */,
			);
			defaultConfigurationIsVisible = 0;
			defaultConfigurationName = Release;
		};
		D4AC0FB62CBEF294004FF844 /* Build configuration list for PBXNativeTarget "PixelPainter" */ = {
			isa = XCConfigurationList;
			buildConfigurations = (
				D4AC0FB72CBEF294004FF844 /* Debug */,
				D4AC0FB82CBEF294004FF844 /* Release */,
			);
			defaultConfigurationIsVisible = 0;
			defaultConfigurationName = Release;
		};
		D4AC0FB92CBEF294004FF844 /* Build configuration list for PBXNativeTarget "PixelPainterTests" */ = {
			isa = XCConfigurationList;
			buildConfigurations = (
				D4AC0FBA2CBEF294004FF844 /* Debug */,
				D4AC0FBB2CBEF294004FF844 /* Release */,
			);
			defaultConfigurationIsVisible = 0;
			defaultConfigurationName = Release;
		};
		D4AC0FBC2CBEF294004FF844 /* Build configuration list for PBXNativeTarget "PixelPainterUITests" */ = {
			isa = XCConfigurationList;
			buildConfigurations = (
				D4AC0FBD2CBEF294004FF844 /* Debug */,
				D4AC0FBE2CBEF294004FF844 /* Release */,
			);
			defaultConfigurationIsVisible = 0;
			defaultConfigurationName = Release;
		};
/* End XCConfigurationList section */
	};
	rootObject = D4AC0F812CBEF292004FF844 /* Project object */;
}
